
Microsoft Visual Studio Solution File, Format Version 12.00
# Visual Studio Version 16
VisualStudioVersion = 16.0.810.14
MinimumVisualStudioVersion = 10.0.40219.1
Project("{FAE04EC0-301F-11D3-BF4B-00C04F79EFBC}") = "racc", "racc\racc.csproj", "{892352CE-6D1D-4ECC-B58D-228CAF432CD5}"
EndProject
Global
	GlobalSection(SolutionConfigurationPlatforms) = preSolution
		Debug|Any CPU = Debug|Any CPU
		Release|Any CPU = Release|Any CPU
	EndGlobalSection
	GlobalSection(ProjectConfigurationPlatforms) = postSolution
		{892352CE-6D1D-4ECC-B58D-228CAF432CD5}.Debug|Any CPU.ActiveCfg = Debug|Any CPU
		{892352CE-6D1D-4ECC-B58D-228CAF432CD5}.Debug|Any CPU.Build.0 = Debug|Any CPU
		{892352CE-6D1D-4ECC-B58D-228CAF432CD5}.Release|Any CPU.ActiveCfg = Release|Any CPU
		{892352CE-6D1D-4ECC-B58D-228CAF432CD5}.Release|Any CPU.Build.0 = Release|Any CPU
	EndGlobalSection
	GlobalSection(SolutionProperties) = preSolution
		HideSolutionNode = FALSE
	EndGlobalSection
	GlobalSection(ExtensibilityGlobals) = postSolution
		SolutionGuid = {383BA756-9B01-41CC-AAE8-7BA0D1AB0091}
	EndGlobalSection
EndGlobal
